// !$*UTF8*$!
{
	archiveVersion = 1;
	classes = {
	};
	objectVersion = 77;
	objects = {

/* Begin PBXBuildFile section */
		74DC333E2E5B7F2200B02077 /* Auth in Frameworks */ = {isa = PBXBuildFile; productRef = 74DC333D2E5B7F2200B02077 /* Auth */; };
		74DC33402E5B7F2200B02077 /* PostgREST in Frameworks */ = {isa = PBXBuildFile; productRef = 74DC333F2E5B7F2200B02077 /* PostgREST */; };
		74DC33422E5B7F2200B02077 /* Realtime in Frameworks */ = {isa = PBXBuildFile; productRef = 74DC33412E5B7F2200B02077 /* Realtime */; };
		74DC33442E5B7F2200B02077 /* Supabase in Frameworks */ = {isa = PBXBuildFile; productRef = 74DC33432E5B7F2200B02077 /* Supabase */; };
		74DC33462E5B806900B02077 /* SupabaseManager.swift in Sources */ = {isa = PBXBuildFile; fileRef = 74DC33452E5B806900B02077 /* SupabaseManager.swift */; };
/* End PBXBuildFile section */

/* Begin PBXContainerItemProxy section */
		74DF8AD42E53EE1500C1AC9B /* PBXContainerItemProxy */ = {
			isa = PBXContainerItemProxy;
			containerPortal = 74DF8ABE2E53EE1300C1AC9B /* Project object */;
			proxyType = 1;
			remoteGlobalIDString = 74DF8AC52E53EE1300C1AC9B;
			remoteInfo = billMate;
		};
		74DF8ADE2E53EE1500C1AC9B /* PBXContainerItemProxy */ = {
			isa = PBXContainerItemProxy;
			containerPortal = 74DF8ABE2E53EE1300C1AC9B /* Project object */;
			proxyType = 1;
			remoteGlobalIDString = 74DF8AC52E53EE1300C1AC9B;
			remoteInfo = billMate;
		};
/* End PBXContainerItemProxy section */

/* Begin PBXFileReference section */
		74DC33452E5B806900B02077 /* SupabaseManager.swift */ = {isa = PBXFileReference; lastKnownFileType = sourcecode.swift; path = SupabaseManager.swift; sourceTree = "<group>"; };
		74DF8AC62E53EE1300C1AC9B /* billMate.app */ = {isa = PBXFileReference; explicitFileType = wrapper.application; includeInIndex = 0; path = billMate.app; sourceTree = BUILT_PRODUCTS_DIR; };
		74DF8AD32E53EE1500C1AC9B /* billMateTests.xctest */ = {isa = PBXFileReference; explicitFileType = wrapper.cfbundle; includeInIndex = 0; path = billMateTests.xctest; sourceTree = BUILT_PRODUCTS_DIR; };
		74DF8ADD2E53EE1500C1AC9B /* billMateUITests.xctest */ = {isa = PBXFileReference; explicitFileType = wrapper.cfbundle; includeInIndex = 0; path = billMateUITests.xctest; sourceTree = BUILT_PRODUCTS_DIR; };
/* End PBXFileReference section */

/* Begin PBXFileSystemSynchronizedRootGroup section */
		74DF8AC82E53EE1300C1AC9B /* billMate */ = {
			isa = PBXFileSystemSynchronizedRootGroup;
			path = billMate;
			sourceTree = "<group>";
		};
		74DF8AD62E53EE1500C1AC9B /* billMateTests */ = {
			isa = PBXFileSystemSynchronizedRootGroup;
			path = billMateTests;
			sourceTree = "<group>";
		};
		74DF8AE02E53EE1500C1AC9B /* billMateUITests */ = {
			isa = PBXFileSystemSynchronizedRootGroup;
			path = billMateUITests;
			sourceTree = "<group>";
		};
/* End PBXFileSystemSynchronizedRootGroup section */

/* Begin PBXFrameworksBuildPhase section */
		74DF8AC32E53EE1300C1AC9B /* Frameworks */ = {
			isa = PBXFrameworksBuildPhase;
			buildActionMask = 2147483647;
			files = (
				74DC33422E5B7F2200B02077 /* Realtime in Frameworks */,
				74DC33402E5B7F2200B02077 /* PostgREST in Frameworks */,
				74DC33442E5B7F2200B02077 /* Supabase in Frameworks */,
				74DC333E2E5B7F2200B02077 /* Auth in Frameworks */,
			);
			runOnlyForDeploymentPostprocessing = 0;
		};
		74DF8AD02E53EE1500C1AC9B /* Frameworks */ = {
			isa = PBXFrameworksBuildPhase;
			buildActionMask = 2147483647;
			files = (
			);
			runOnlyForDeploymentPostprocessing = 0;
		};
		74DF8ADA2E53EE1500C1AC9B /* Frameworks */ = {
			isa = PBXFrameworksBuildPhase;
			buildActionMask = 2147483647;
			files = (
			);
			runOnlyForDeploymentPostprocessing = 0;
		};
/* End PBXFrameworksBuildPhase section */

/* Begin PBXGroup section */
		74DF8ABD2E53EE1300C1AC9B = {
			isa = PBXGroup;
			children = (
				74DC33452E5B806900B02077 /* SupabaseManager.swift */,
				74DF8AC82E53EE1300C1AC9B /* billMate */,
				74DF8AD62E53EE1500C1AC9B /* billMateTests */,
				74DF8AE02E53EE1500C1AC9B /* billMateUITests */,
				74DF8AC72E53EE1300C1AC9B /* Products */,
			);
			sourceTree = "<group>";
		};
		74DF8AC72E53EE1300C1AC9B /* Products */ = {
			isa = PBXGroup;
			children = (
				74DF8AC62E53EE1300C1AC9B /* billMate.app */,
				74DF8AD32E53EE1500C1AC9B /* billMateTests.xctest */,
				74DF8ADD2E53EE1500C1AC9B /* billMateUITests.xctest */,
			);
			name = Products;
			sourceTree = "<group>";
		};
/* End PBXGroup section */

/* Begin PBXNativeTarget section */
		74DF8AC52E53EE1300C1AC9B /* billMate */ = {
			isa = PBXNativeTarget;
			buildConfigurationList = 74DF8AE72E53EE1500C1AC9B /* Build configuration list for PBXNativeTarget "billMate" */;
			buildPhases = (
				74DF8AC22E53EE1300C1AC9B /* Sources */,
				74DF8AC32E53EE1300C1AC9B /* Frameworks */,
				74DF8AC42E53EE1300C1AC9B /* Resources */,
			);
			buildRules = (
			);
			dependencies = (
			);
			fileSystemSynchronizedGroups = (
				74DF8AC82E53EE1300C1AC9B /* billMate */,
			);
			name = billMate;
			packageProductDependencies = (
				74DC333D2E5B7F2200B02077 /* Auth */,
				74DC333F2E5B7F2200B02077 /* PostgREST */,
				74DC33412E5B7F2200B02077 /* Realtime */,
				74DC33432E5B7F2200B02077 /* Supabase */,
			);
			productName = billMate;
			productReference = 74DF8AC62E53EE1300C1AC9B /* billMate.app */;
			productType = "com.apple.product-type.application";
		};
		74DF8AD22E53EE1500C1AC9B /* billMateTests */ = {
			isa = PBXNativeTarget;
			buildConfigurationList = 74DF8AEA2E53EE1500C1AC9B /* Build configuration list for PBXNativeTarget "billMateTests" */;
			buildPhases = (
				74DF8ACF2E53EE1500C1AC9B /* Sources */,
				74DF8AD02E53EE1500C1AC9B /* Frameworks */,
				74DF8AD12E53EE1500C1AC9B /* Resources */,
			);
			buildRules = (
			);
			dependencies = (
				74DF8AD52E53EE1500C1AC9B /* PBXTargetDependency */,
			);
			fileSystemSynchronizedGroups = (
				74DF8AD62E53EE1500C1AC9B /* billMateTests */,
			);
			name = billMateTests;
			packageProductDependencies = (
			);
			productName = billMateTests;
			productReference = 74DF8AD32E53EE1500C1AC9B /* billMateTests.xctest */;
			productType = "com.apple.product-type.bundle.unit-test";
		};
		74DF8ADC2E53EE1500C1AC9B /* billMateUITests */ = {
			isa = PBXNativeTarget;
			buildConfigurationList = 74DF8AED2E53EE1500C1AC9B /* Build configuration list for PBXNativeTarget "billMateUITests" */;
			buildPhases = (
				74DF8AD92E53EE1500C1AC9B /* Sources */,
				74DF8ADA2E53EE1500C1AC9B /* Frameworks */,
				74DF8ADB2E53EE1500C1AC9B /* Resources */,
			);
			buildRules = (
			);
			dependencies = (
				74DF8ADF2E53EE1500C1AC9B /* PBXTargetDependency */,
			);
			fileSystemSynchronizedGroups = (
				74DF8AE02E53EE1500C1AC9B /* billMateUITests */,
			);
			name = billMateUITests;
			packageProductDependencies = (
			);
			productName = billMateUITests;
			productReference = 74DF8ADD2E53EE1500C1AC9B /* billMateUITests.xctest */;
			productType = "com.apple.product-type.bundle.ui-testing";
		};
/* End PBXNativeTarget section */

/* Begin PBXProject section */
		74DF8ABE2E53EE1300C1AC9B /* Project object */ = {
			isa = PBXProject;
			attributes = {
				BuildIndependentTargetsInParallel = 1;
				LastSwiftUpdateCheck = 1640;
				LastUpgradeCheck = 1640;
				TargetAttributes = {
					74DF8AC52E53EE1300C1AC9B = {
						CreatedOnToolsVersion = 16.4;
					};
					74DF8AD22E53EE1500C1AC9B = {
						CreatedOnToolsVersion = 16.4;
						TestTargetID = 74DF8AC52E53EE1300C1AC9B;
					};
					74DF8ADC2E53EE1500C1AC9B = {
						CreatedOnToolsVersion = 16.4;
						TestTargetID = 74DF8AC52E53EE1300C1AC9B;
					};
				};
			};
			buildConfigurationList = 74DF8AC12E53EE1300C1AC9B /* Build configuration list for PBXProject "billMate" */;
			developmentRegion = en;
			hasScannedForEncodings = 0;
			knownRegions = (
				en,
				Base,
			);
			mainGroup = 74DF8ABD2E53EE1300C1AC9B;
			minimizedProjectReferenceProxies = 1;
			packageReferences = (
				74DC333C2E5B7F2200B02077 /* XCRemoteSwiftPackageReference "supabase-swift" */,
			);
			preferredProjectObjectVersion = 77;
			productRefGroup = 74DF8AC72E53EE1300C1AC9B /* Products */;
			projectDirPath = "";
			projectRoot = "";
			targets = (
				74DF8AC52E53EE1300C1AC9B /* billMate */,
				74DF8AD22E53EE1500C1AC9B /* billMateTests */,
				74DF8ADC2E53EE1500C1AC9B /* billMateUITests */,
			);
		};
/* End PBXProject section */

/* Begin PBXResourcesBuildPhase section */
		74DF8AC42E53EE1300C1AC9B /* Resources */ = {
			isa = PBXResourcesBuildPhase;
			buildActionMask = 2147483647;
			files = (
			);
			runOnlyForDeploymentPostprocessing = 0;
		};
		74DF8AD12E53EE1500C1AC9B /* Resources */ = {
			isa = PBXResourcesBuildPhase;
			buildActionMask = 2147483647;
			files = (
			);
			runOnlyForDeploymentPostprocessing = 0;
		};
		74DF8ADB2E53EE1500C1AC9B /* Resources */ = {
			isa = PBXResourcesBuildPhase;
			buildActionMask = 2147483647;
			files = (
			);
			runOnlyForDeploymentPostprocessing = 0;
		};
/* End PBXResourcesBuildPhase section */

/* Begin PBXSourcesBuildPhase section */
		74DF8AC22E53EE1300C1AC9B /* Sources */ = {
			isa = PBXSourcesBuildPhase;
			buildActionMask = 2147483647;
			files = (
				74DC33462E5B806900B02077 /* SupabaseManager.swift in Sources */,
			);
			runOnlyForDeploymentPostprocessing = 0;
		};
		74DF8ACF2E53EE1500C1AC9B /* Sources */ = {
			isa = PBXSourcesBuildPhase;
			buildActionMask = 2147483647;
			files = (
			);
			runOnlyForDeploymentPostprocessing = 0;
		};
		74DF8AD92E53EE1500C1AC9B /* Sources */ = {
			isa = PBXSourcesBuildPhase;
			buildActionMask = 2147483647;
			files = (
			);
			runOnlyForDeploymentPostprocessing = 0;
		};
/* End PBXSourcesBuildPhase section */

/* Begin PBXTargetDependency section */
		74DF8AD52E53EE1500C1AC9B /* PBXTargetDependency */ = {
			isa = PBXTargetDependency;
			target = 74DF8AC52E53EE1300C1AC9B /* billMate */;
			targetProxy = 74DF8AD42E53EE1500C1AC9B /* PBXContainerItemProxy */;
		};
		74DF8ADF2E53EE1500C1AC9B /* PBXTargetDependency */ = {
			isa = PBXTargetDependency;
			target = 74DF8AC52E53EE1300C1AC9B /* billMate */;
			targetProxy = 74DF8ADE2E53EE1500C1AC9B /* PBXContainerItemProxy */;
		};
/* End PBXTargetDependency section */

/* Begin XCBuildConfiguration section */
		74DF8AE52E53EE1500C1AC9B /* Debug */ = {
			isa = XCBuildConfiguration;
			buildSettings = {
				ALWAYS_SEARCH_USER_PATHS = NO;
				ASSETCATALOG_COMPILER_GENERATE_SWIFT_ASSET_SYMBOL_EXTENSIONS = YES;
				CLANG_ANALYZER_NONNULL = YES;
				CLANG_ANALYZER_NUMBER_OBJECT_CONVERSION = YES_AGGRESSIVE;
				CLANG_CXX_LANGUAGE_STANDARD = "gnu++20";
				CLANG_ENABLE_MODULES = YES;
				CLANG_ENABLE_OBJC_ARC = YES;
				CLANG_ENABLE_OBJC_WEAK = YES;
				CLANG_WARN_BLOCK_CAPTURE_AUTORELEASING = YES;
				CLANG_WARN_BOOL_CONVERSION = YES;
				CLANG_WARN_COMMA = YES;
				CLANG_WARN_CONSTANT_CONVERSION = YES;
				CLANG_WARN_DEPRECATED_OBJC_IMPLEMENTATIONS = YES;
				CLANG_WARN_DIRECT_OBJC_ISA_USAGE = YES_ERROR;
				CLANG_WARN_DOCUMENTATION_COMMENTS = YES;
				CLANG_WARN_EMPTY_BODY = YES;
				CLANG_WARN_ENUM_CONVERSION = YES;
				CLANG_WARN_INFINITE_RECURSION = YES;
				CLANG_WARN_INT_CONVERSION = YES;
				CLANG_WARN_NON_LITERAL_NULL_CONVERSION = YES;
				CLANG_WARN_OBJC_IMPLICIT_RETAIN_SELF = YES;
				CLANG_WARN_OBJC_LITERAL_CONVERSION = YES;
				CLANG_WARN_OBJC_ROOT_CLASS = YES_ERROR;
				CLANG_WARN_QUOTED_INCLUDE_IN_FRAMEWORK_HEADER = YES;
				CLANG_WARN_RANGE_LOOP_ANALYSIS = YES;
				CLANG_WARN_STRICT_PROTOTYPES = YES;
				CLANG_WARN_SUSPICIOUS_MOVE = YES;
				CLANG_WARN_UNGUARDED_AVAILABILITY = YES_AGGRESSIVE;
				CLANG_WARN_UNREACHABLE_CODE = YES;
				CLANG_WARN__DUPLICATE_METHOD_MATCH = YES;
				COPY_PHASE_STRIP = NO;
				DEBUG_INFORMATION_FORMAT = dwarf;
				DEVELOPMENT_TEAM = BY68PL778K;
				ENABLE_STRICT_OBJC_MSGSEND = YES;
				ENABLE_TESTABILITY = YES;
				ENABLE_USER_SCRIPT_SANDBOXING = YES;
				GCC_C_LANGUAGE_STANDARD = gnu17;
				GCC_DYNAMIC_NO_PIC = NO;
				GCC_NO_COMMON_BLOCKS = YES;
				GCC_OPTIMIZATION_LEVEL = 0;
				GCC_PREPROCESSOR_DEFINITIONS = (
					"DEBUG=1",
					"$(inherited)",
				);
				GCC_WARN_64_TO_32_BIT_CONVERSION = YES;
				GCC_WARN_ABOUT_RETURN_TYPE = YES_ERROR;
				GCC_WARN_UNDECLARED_SELECTOR = YES;
				GCC_WARN_UNINITIALIZED_AUTOS = YES_AGGRESSIVE;
				GCC_WARN_UNUSED_FUNCTION = YES;
				GCC_WARN_UNUSED_VARIABLE = YES;
				IPHONEOS_DEPLOYMENT_TARGET = 18.5;
				LOCALIZATION_PREFERS_STRING_CATALOGS = YES;
				MTL_ENABLE_DEBUG_INFO = INCLUDE_SOURCE;
				MTL_FAST_MATH = YES;
				ONLY_ACTIVE_ARCH = YES;
				SDKROOT = iphoneos;
				SWIFT_ACTIVE_COMPILATION_CONDITIONS = "DEBUG $(inherited)";
				SWIFT_OPTIMIZATION_LEVEL = "-Onone";
			};
			name = Debug;
		};
		74DF8AE62E53EE1500C1AC9B /* Release */ = {
			isa = XCBuildConfiguration;
			buildSettings = {
				ALWAYS_SEARCH_USER_PATHS = NO;
				ASSETCATALOG_COMPILER_GENERATE_SWIFT_ASSET_SYMBOL_EXTENSIONS = YES;
				CLANG_ANALYZER_NONNULL = YES;
				CLANG_ANALYZER_NUMBER_OBJECT_CONVERSION = YES_AGGRESSIVE;
				CLANG_CXX_LANGUAGE_STANDARD = "gnu++20";
				CLANG_ENABLE_MODULES = YES;
				CLANG_ENABLE_OBJC_ARC = YES;
				CLANG_ENABLE_OBJC_WEAK = YES;
				CLANG_WARN_BLOCK_CAPTURE_AUTORELEASING = YES;
				CLANG_WARN_BOOL_CONVERSION = YES;
				CLANG_WARN_COMMA = YES;
				CLANG_WARN_CONSTANT_CONVERSION = YES;
				CLANG_WARN_DEPRECATED_OBJC_IMPLEMENTATIONS = YES;
				CLANG_WARN_DIRECT_OBJC_ISA_USAGE = YES_ERROR;
				CLANG_WARN_DOCUMENTATION_COMMENTS = YES;
				CLANG_WARN_EMPTY_BODY = YES;
				CLANG_WARN_ENUM_CONVERSION = YES;
				CLANG_WARN_INFINITE_RECURSION = YES;
				CLANG_WARN_INT_CONVERSION = YES;
				CLANG_WARN_NON_LITERAL_NULL_CONVERSION = YES;
				CLANG_WARN_OBJC_IMPLICIT_RETAIN_SELF = YES;
				CLANG_WARN_OBJC_LITERAL_CONVERSION = YES;
				CLANG_WARN_OBJC_ROOT_CLASS = YES_ERROR;
				CLANG_WARN_QUOTED_INCLUDE_IN_FRAMEWORK_HEADER = YES;
				CLANG_WARN_RANGE_LOOP_ANALYSIS = YES;
				CLANG_WARN_STRICT_PROTOTYPES = YES;
				CLANG_WARN_SUSPICIOUS_MOVE = YES;
				CLANG_WARN_UNGUARDED_AVAILABILITY = YES_AGGRESSIVE;
				CLANG_WARN_UNREACHABLE_CODE = YES;
				CLANG_WARN__DUPLICATE_METHOD_MATCH = YES;
				COPY_PHASE_STRIP = NO;
				DEBUG_INFORMATION_FORMAT = "dwarf-with-dsym";
				DEVELOPMENT_TEAM = BY68PL778K;
				ENABLE_NS_ASSERTIONS = NO;
				ENABLE_STRICT_OBJC_MSGSEND = YES;
				ENABLE_USER_SCRIPT_SANDBOXING = YES;
				GCC_C_LANGUAGE_STANDARD = gnu17;
				GCC_NO_COMMON_BLOCKS = YES;
				GCC_WARN_64_TO_32_BIT_CONVERSION = YES;
				GCC_WARN_ABOUT_RETURN_TYPE = YES_ERROR;
				GCC_WARN_UNDECLARED_SELECTOR = YES;
				GCC_WARN_UNINITIALIZED_AUTOS = YES_AGGRESSIVE;
				GCC_WARN_UNUSED_FUNCTION = YES;
				GCC_WARN_UNUSED_VARIABLE = YES;
				IPHONEOS_DEPLOYMENT_TARGET = 18.5;
				LOCALIZATION_PREFERS_STRING_CATALOGS = YES;
				MTL_ENABLE_DEBUG_INFO = NO;
				MTL_FAST_MATH = YES;
				SDKROOT = iphoneos;
				SWIFT_COMPILATION_MODE = wholemodule;
				VALIDATE_PRODUCT = YES;
			};
			name = Release;
		};
		74DF8AE82E53EE1500C1AC9B /* Debug */ = {
			isa = XCBuildConfiguration;
			buildSettings = {
				ASSETCATALOG_COMPILER_APPICON_NAME = AppIcon;
				ASSETCATALOG_COMPILER_GLOBAL_ACCENT_COLOR_NAME = AccentColor;
				CODE_SIGN_STYLE = Automatic;
				CURRENT_PROJECT_VERSION = 1;
				DEVELOPMENT_TEAM = BY68PL778K;
				ENABLE_PREVIEWS = YES;
				GENERATE_INFOPLIST_FILE = YES;
				INFOPLIST_KEY_UIApplicationSceneManifest_Generation = YES;
				INFOPLIST_KEY_UIApplicationSupportsIndirectInputEvents = YES;
				INFOPLIST_KEY_UILaunchScreen_Generation = YES;
				INFOPLIST_KEY_UISupportedInterfaceOrientations_iPad = "UIInterfaceOrientationPortrait UIInterfaceOrientationPortraitUpsideDown UIInterfaceOrientationLandscapeLeft UIInterfaceOrientationLandscapeRight";
				INFOPLIST_KEY_UISupportedInterfaceOrientations_iPhone = "UIInterfaceOrientationPortrait UIInterfaceOrientationLandscapeLeft UIInterfaceOrientationLandscapeRight";
				LD_RUNPATH_SEARCH_PATHS = (
					"$(inherited)",
					"@executable_path/Frameworks",
				);
				MARKETING_VERSION = 1.0;
				PRODUCT_BUNDLE_IDENTIFIER = DilaraBaki.billMate;
				PRODUCT_NAME = "$(TARGET_NAME)";
				SWIFT_EMIT_LOC_STRINGS = YES;
				SWIFT_VERSION = 5.0;
				TARGETED_DEVICE_FAMILY = "1,2";
			};
			name = Debug;
		};
		74DF8AE92E53EE1500C1AC9B /* Release */ = {
			isa = XCBuildConfiguration;
			buildSettings = {
				ASSETCATALOG_COMPILER_APPICON_NAME = AppIcon;
				ASSETCATALOG_COMPILER_GLOBAL_ACCENT_COLOR_NAME = AccentColor;
				CODE_SIGN_STYLE = Automatic;
				CURRENT_PROJECT_VERSION = 1;
				DEVELOPMENT_TEAM = BY68PL778K;
				ENABLE_PREVIEWS = YES;
				GENERATE_INFOPLIST_FILE = YES;
				INFOPLIST_KEY_UIApplicationSceneManifest_Generation = YES;
				INFOPLIST_KEY_UIApplicationSupportsIndirectInputEvents = YES;
				INFOPLIST_KEY_UILaunchScreen_Generation = YES;
				INFOPLIST_KEY_UISupportedInterfaceOrientations_iPad = "UIInterfaceOrientationPortrait UIInterfaceOrientationPortraitUpsideDown UIInterfaceOrientationLandscapeLeft UIInterfaceOrientationLandscapeRight";
				INFOPLIST_KEY_UISupportedInterfaceOrientations_iPhone = "UIInterfaceOrientationPortrait UIInterfaceOrientationLandscapeLeft UIInterfaceOrientationLandscapeRight";
				LD_RUNPATH_SEARCH_PATHS = (
					"$(inherited)",
					"@executable_path/Frameworks",
				);
				MARKETING_VERSION = 1.0;
				PRODUCT_BUNDLE_IDENTIFIER = DilaraBaki.billMate;
				PRODUCT_NAME = "$(TARGET_NAME)";
				SWIFT_EMIT_LOC_STRINGS = YES;
				SWIFT_VERSION = 5.0;
				TARGETED_DEVICE_FAMILY = "1,2";
			};
			name = Release;
		};
		74DF8AEB2E53EE1500C1AC9B /* Debug */ = {
			isa = XCBuildConfiguration;
			buildSettings = {
				BUNDLE_LOADER = "$(TEST_HOST)";
				CODE_SIGN_STYLE = Automatic;
				CURRENT_PROJECT_VERSION = 1;
				DEVELOPMENT_TEAM = BY68PL778K;
				GENERATE_INFOPLIST_FILE = YES;
				IPHONEOS_DEPLOYMENT_TARGET = 18.5;
				MARKETING_VERSION = 1.0;
				PRODUCT_BUNDLE_IDENTIFIER = DilaraBaki.billMateTests;
				PRODUCT_NAME = "$(TARGET_NAME)";
				SWIFT_EMIT_LOC_STRINGS = NO;
				SWIFT_VERSION = 5.0;
				TARGETED_DEVICE_FAMILY = "1,2";
				TEST_HOST = "$(BUILT_PRODUCTS_DIR)/billMate.app/$(BUNDLE_EXECUTABLE_FOLDER_PATH)/billMate";
			};
			name = Debug;
		};
		74DF8AEC2E53EE1500C1AC9B /* Release */ = {
			isa = XCBuildConfiguration;
			buildSettings = {
				BUNDLE_LOADER = "$(TEST_HOST)";
				CODE_SIGN_STYLE = Automatic;
				CURRENT_PROJECT_VERSION = 1;
				DEVELOPMENT_TEAM = BY68PL778K;
				GENERATE_INFOPLIST_FILE = YES;
				IPHONEOS_DEPLOYMENT_TARGET = 18.5;
				MARKETING_VERSION = 1.0;
				PRODUCT_BUNDLE_IDENTIFIER = DilaraBaki.billMateTests;
				PRODUCT_NAME = "$(TARGET_NAME)";
				SWIFT_EMIT_LOC_STRINGS = NO;
				SWIFT_VERSION = 5.0;
				TARGETED_DEVICE_FAMILY = "1,2";
				TEST_HOST = "$(BUILT_PRODUCTS_DIR)/billMate.app/$(BUNDLE_EXECUTABLE_FOLDER_PATH)/billMate";
			};
			name = Release;
		};
		74DF8AEE2E53EE1500C1AC9B /* Debug */ = {
			isa = XCBuildConfiguration;
			buildSettings = {
				CODE_SIGN_STYLE = Automatic;
				CURRENT_PROJECT_VERSION = 1;
				DEVELOPMENT_TEAM = BY68PL778K;
				GENERATE_INFOPLIST_FILE = YES;
				MARKETING_VERSION = 1.0;
				PRODUCT_BUNDLE_IDENTIFIER = DilaraBaki.billMateUITests;
				PRODUCT_NAME = "$(TARGET_NAME)";
				SWIFT_EMIT_LOC_STRINGS = NO;
				SWIFT_VERSION = 5.0;
				TARGETED_DEVICE_FAMILY = "1,2";
				TEST_TARGET_NAME = billMate;
			};
			name = Debug;
		};
		74DF8AEF2E53EE1500C1AC9B /* Release */ = {
			isa = XCBuildConfiguration;
			buildSettings = {
				CODE_SIGN_STYLE = Automatic;
				CURRENT_PROJECT_VERSION = 1;
				DEVELOPMENT_TEAM = BY68PL778K;
				GENERATE_INFOPLIST_FILE = YES;
				MARKETING_VERSION = 1.0;
				PRODUCT_BUNDLE_IDENTIFIER = DilaraBaki.billMateUITests;
				PRODUCT_NAME = "$(TARGET_NAME)";
				SWIFT_EMIT_LOC_STRINGS = NO;
				SWIFT_VERSION = 5.0;
				TARGETED_DEVICE_FAMILY = "1,2";
				TEST_TARGET_NAME = billMate;
			};
			name = Release;
		};
/* End XCBuildConfiguration section */

/* Begin XCConfigurationList section */
		74DF8AC12E53EE1300C1AC9B /* Build configuration list for PBXProject "billMate" */ = {
			isa = XCConfigurationList;
			buildConfigurations = (
				74DF8AE52E53EE1500C1AC9B /* Debug */,
				74DF8AE62E53EE1500C1AC9B /* Release */,
			);
			defaultConfigurationIsVisible = 0;
			defaultConfigurationName = Release;
		};
		74DF8AE72E53EE1500C1AC9B /* Build configuration list for PBXNativeTarget "billMate" */ = {
			isa = XCConfigurationList;
			buildConfigurations = (
				74DF8AE82E53EE1500C1AC9B /* Debug */,
				74DF8AE92E53EE1500C1AC9B /* Release */,
			);
			defaultConfigurationIsVisible = 0;
			defaultConfigurationName = Release;
		};
		74DF8AEA2E53EE1500C1AC9B /* Build configuration list for PBXNativeTarget "billMateTests" */ = {
			isa = XCConfigurationList;
			buildConfigurations = (
				74DF8AEB2E53EE1500C1AC9B /* Debug */,
				74DF8AEC2E53EE1500C1AC9B /* Release */,
			);
			defaultConfigurationIsVisible = 0;
			defaultConfigurationName = Release;
		};
		74DF8AED2E53EE1500C1AC9B /* Build configuration list for PBXNativeTarget "billMateUITests" */ = {
			isa = XCConfigurationList;
			buildConfigurations = (
				74DF8AEE2E53EE1500C1AC9B /* Debug */,
				74DF8AEF2E53EE1500C1AC9B /* Release */,
			);
			defaultConfigurationIsVisible = 0;
			defaultConfigurationName = Release;
		};
/* End XCConfigurationList section */

/* Begin XCRemoteSwiftPackageReference section */
		74DC333C2E5B7F2200B02077 /* XCRemoteSwiftPackageReference "supabase-swift" */ = {
			isa = XCRemoteSwiftPackageReference;
			repositoryURL = "https://github.com/supabase/supabase-swift";
			requirement = {
				kind = upToNextMajorVersion;
				minimumVersion = 2.5.1;
			};
		};
/* End XCRemoteSwiftPackageReference section */

/* Begin XCSwiftPackageProductDependency section */
		74DC333D2E5B7F2200B02077 /* Auth */ = {
			isa = XCSwiftPackageProductDependency;
			package = 74DC333C2E5B7F2200B02077 /* XCRemoteSwiftPackageReference "supabase-swift" */;
			productName = Auth;
		};
		74DC333F2E5B7F2200B02077 /* PostgREST */ = {
			isa = XCSwiftPackageProductDependency;
			package = 74DC333C2E5B7F2200B02077 /* XCRemoteSwiftPackageReference "supabase-swift" */;
			productName = PostgREST;
		};
		74DC33412E5B7F2200B02077 /* Realtime */ = {
			isa = XCSwiftPackageProductDependency;
			package = 74DC333C2E5B7F2200B02077 /* XCRemoteSwiftPackageReference "supabase-swift" */;
			productName = Realtime;
		};
		74DC33432E5B7F2200B02077 /* Supabase */ = {
			isa = XCSwiftPackageProductDependency;
			package = 74DC333C2E5B7F2200B02077 /* XCRemoteSwiftPackageReference "supabase-swift" */;
			productName = Supabase;
		};
/* End XCSwiftPackageProductDependency section */
	};
	rootObject = 74DF8ABE2E53EE1300C1AC9B /* Project object */;
}
